
Microsoft Visual Studio Solution File, Format Version 12.00
# Visual Studio 14
VisualStudioVersion = 14.0.25420.1
MinimumVisualStudioVersion = 10.0.40219.1
Project("{FAE04EC0-301F-11D3-BF4B-00C04F79EFBC}") = "GEMPS.BLL", "GEMPS.BLL\GEMPS.BLL.csproj", "{38AFEC61-B6D2-4EBD-98FE-DFF0A23E393E}"
EndProject
Project("{FAE04EC0-301F-11D3-BF4B-00C04F79EFBC}") = "GEMPS.Setting", "GEMPS.Setting\GEMPS.Setting.csproj", "{D86EDBA9-285A-475C-844E-DBB2A57A144F}"
EndProject
Project("{FAE04EC0-301F-11D3-BF4B-00C04F79EFBC}") = "GEMPS.Reporting", "GEMPS.Reporting\GEMPS.Reporting.csproj", "{B4B8AC12-0173-4639-ADF2-A540528ACFA6}"
EndProject
Project("{FAE04EC0-301F-11D3-BF4B-00C04F79EFBC}") = "GEMPS.GUIWinForms", "GEMPS.GUIWinForms\GEMPS.GUIWinForms.csproj", "{5F7402CA-C968-45D0-AA18-5BFBE867AA71}"
EndProject
Project("{FAE04EC0-301F-11D3-BF4B-00C04F79EFBC}") = "GEMPS.DAL", "GEMPS.DAL\GEMPS.DAL.csproj", "{77C41C96-8EA8-41C6-953F-4F0B1709938B}"
EndProject
Project("{FAE04EC0-301F-11D3-BF4B-00C04F79EFBC}") = "GEMPS.BO", "GEMPS.BO\GEMPS.BO.csproj", "{3216559F-68B6-4768-AAB5-E008258181E4}"
EndProject
Project("{FAE04EC0-301F-11D3-BF4B-00C04F79EFBC}") = "GEMPS.GUIConsole", "GEMPS.GUIConsole\GEMPS.GUIConsole.csproj", "{C67D39A5-5784-4345-A30E-F80429743DB4}"
EndProject
Global
	GlobalSection(SolutionConfigurationPlatforms) = preSolution
		Debug|Any CPU = Debug|Any CPU
		Release|Any CPU = Release|Any CPU
	EndGlobalSection
	GlobalSection(ProjectConfigurationPlatforms) = postSolution
		{38AFEC61-B6D2-4EBD-98FE-DFF0A23E393E}.Debug|Any CPU.ActiveCfg = Debug|Any CPU
		{38AFEC61-B6D2-4EBD-98FE-DFF0A23E393E}.Debug|Any CPU.Build.0 = Debug|Any CPU
		{38AFEC61-B6D2-4EBD-98FE-DFF0A23E393E}.Release|Any CPU.ActiveCfg = Release|Any CPU
		{38AFEC61-B6D2-4EBD-98FE-DFF0A23E393E}.Release|Any CPU.Build.0 = Release|Any CPU
		{D86EDBA9-285A-475C-844E-DBB2A57A144F}.Debug|Any CPU.ActiveCfg = Debug|Any CPU
		{D86EDBA9-285A-475C-844E-DBB2A57A144F}.Debug|Any CPU.Build.0 = Debug|Any CPU
		{D86EDBA9-285A-475C-844E-DBB2A57A144F}.Release|Any CPU.ActiveCfg = Release|Any CPU
		{D86EDBA9-285A-475C-844E-DBB2A57A144F}.Release|Any CPU.Build.0 = Release|Any CPU
		{B4B8AC12-0173-4639-ADF2-A540528ACFA6}.Debug|Any CPU.ActiveCfg = Debug|Any CPU
		{B4B8AC12-0173-4639-ADF2-A540528ACFA6}.Debug|Any CPU.Build.0 = Debug|Any CPU
		{B4B8AC12-0173-4639-ADF2-A540528ACFA6}.Release|Any CPU.ActiveCfg = Release|Any CPU
		{B4B8AC12-0173-4639-ADF2-A540528ACFA6}.Release|Any CPU.Build.0 = Release|Any CPU
		{5F7402CA-C968-45D0-AA18-5BFBE867AA71}.Debug|Any CPU.ActiveCfg = Debug|Any CPU
		{5F7402CA-C968-45D0-AA18-5BFBE867AA71}.Debug|Any CPU.Build.0 = Debug|Any CPU
		{5F7402CA-C968-45D0-AA18-5BFBE867AA71}.Release|Any CPU.ActiveCfg = Release|Any CPU
		{5F7402CA-C968-45D0-AA18-5BFBE867AA71}.Release|Any CPU.Build.0 = Release|Any CPU
		{77C41C96-8EA8-41C6-953F-4F0B1709938B}.Debug|Any CPU.ActiveCfg = Debug|Any CPU
		{77C41C96-8EA8-41C6-953F-4F0B1709938B}.Debug|Any CPU.Build.0 = Debug|Any CPU
		{77C41C96-8EA8-41C6-953F-4F0B1709938B}.Release|Any CPU.ActiveCfg = Release|Any CPU
		{77C41C96-8EA8-41C6-953F-4F0B1709938B}.Release|Any CPU.Build.0 = Release|Any CPU
		{3216559F-68B6-4768-AAB5-E008258181E4}.Debug|Any CPU.ActiveCfg = Debug|Any CPU
		{3216559F-68B6-4768-AAB5-E008258181E4}.Debug|Any CPU.Build.0 = Debug|Any CPU
		{3216559F-68B6-4768-AAB5-E008258181E4}.Release|Any CPU.ActiveCfg = Release|Any CPU
		{3216559F-68B6-4768-AAB5-E008258181E4}.Release|Any CPU.Build.0 = Release|Any CPU
		{C67D39A5-5784-4345-A30E-F80429743DB4}.Debug|Any CPU.ActiveCfg = Debug|Any CPU
		{C67D39A5-5784-4345-A30E-F80429743DB4}.Debug|Any CPU.Build.0 = Debug|Any CPU
		{C67D39A5-5784-4345-A30E-F80429743DB4}.Release|Any CPU.ActiveCfg = Release|Any CPU
		{C67D39A5-5784-4345-A30E-F80429743DB4}.Release|Any CPU.Build.0 = Release|Any CPU
	EndGlobalSection
	GlobalSection(SolutionProperties) = preSolution
		HideSolutionNode = FALSE
	EndGlobalSection
EndGlobal
